
Microsoft Visual Studio Solution File, Format Version 12.00
# Visual Studio 14
VisualStudioVersion = 14.0.25420.1
MinimumVisualStudioVersion = 10.0.40219.1
Project("{FAE04EC0-301F-11D3-BF4B-00C04F79EFBC}") = "DateTimeCalculator.Tests", "DateTimeCalculator.Tests\DateTimeCalculator.Tests.csproj", "{EB5C9F1C-FC91-403A-A61C-9BBCF82DB6EF}"
EndProject
Project("{FAE04EC0-301F-11D3-BF4B-00C04F79EFBC}") = "DateTimeCalculator", "DateTimeCalculator\DateTimeCalculator.csproj", "{BDB9FD29-8424-434D-92DD-61C263C38857}"
EndProject
Global
	GlobalSection(SolutionConfigurationPlatforms) = preSolution
		Debug|Any CPU = Debug|Any CPU
		Release|Any CPU = Release|Any CPU
	EndGlobalSection
	GlobalSection(ProjectConfigurationPlatforms) = postSolution
		{EB5C9F1C-FC91-403A-A61C-9BBCF82DB6EF}.Debug|Any CPU.ActiveCfg = Debug|Any CPU
		{EB5C9F1C-FC91-403A-A61C-9BBCF82DB6EF}.Debug|Any CPU.Build.0 = Debug|Any CPU
		{EB5C9F1C-FC91-403A-A61C-9BBCF82DB6EF}.Release|Any CPU.ActiveCfg = Release|Any CPU
		{EB5C9F1C-FC91-403A-A61C-9BBCF82DB6EF}.Release|Any CPU.Build.0 = Release|Any CPU
		{BDB9FD29-8424-434D-92DD-61C263C38857}.Debug|Any CPU.ActiveCfg = Debug|Any CPU
		{BDB9FD29-8424-434D-92DD-61C263C38857}.Debug|Any CPU.Build.0 = Debug|Any CPU
		{BDB9FD29-8424-434D-92DD-61C263C38857}.Release|Any CPU.ActiveCfg = Release|Any CPU
		{BDB9FD29-8424-434D-92DD-61C263C38857}.Release|Any CPU.Build.0 = Release|Any CPU
	EndGlobalSection
	GlobalSection(SolutionProperties) = preSolution
		HideSolutionNode = FALSE
	EndGlobalSection
EndGlobal
